
Microsoft Visual Studio Solution File, Format Version 12.00
# Visual Studio Version 16
VisualStudioVersion = 16.0.30804.86
MinimumVisualStudioVersion = 10.0.40219.1
Project("{FAE04EC0-301F-11D3-BF4B-00C04F79EFBC}") = "Calc_Salario_Familia", "Calc_Salario_Familia.csproj", "{3A02B3B0-91D5-4EF0-B8B0-E4B5888F4008}"
EndProject
Global
	GlobalSection(SolutionConfigurationPlatforms) = preSolution
		Debug|Any CPU = Debug|Any CPU
		Release|Any CPU = Release|Any CPU
	EndGlobalSection
	GlobalSection(ProjectConfigurationPlatforms) = postSolution
		{3A02B3B0-91D5-4EF0-B8B0-E4B5888F4008}.Debug|Any CPU.ActiveCfg = Debug|Any CPU
		{3A02B3B0-91D5-4EF0-B8B0-E4B5888F4008}.Debug|Any CPU.Build.0 = Debug|Any CPU
		{3A02B3B0-91D5-4EF0-B8B0-E4B5888F4008}.Release|Any CPU.ActiveCfg = Release|Any CPU
		{3A02B3B0-91D5-4EF0-B8B0-E4B5888F4008}.Release|Any CPU.Build.0 = Release|Any CPU
	EndGlobalSection
	GlobalSection(SolutionProperties) = preSolution
		HideSolutionNode = FALSE
	EndGlobalSection
	GlobalSection(ExtensibilityGlobals) = postSolution
		SolutionGuid = {83DAC319-809D-49C1-B212-625889E97E7B}
	EndGlobalSection
EndGlobal
